{
  "name": "prisma-console",
  "version": "1.0.0",
  "lockfileVersion": 2,
  "requires": true,
  "packages": {
    "": {
      "name": "prisma-console",
      "version": "1.0.0",
      "license": "ISC",
      "dependencies": {
        "@prisma/client": "^3.15.2",
        "pretty-repl": "^3.1.1"
      },
      "devDependencies": {
        "prisma": "^3.15.2"
      }
    },
    "node_modules/@prisma/client": {
      "version": "3.15.2",
      "resolved": "https://wingsure-903252266587.d.codeartifact.ap-south-1.amazonaws.com:443/npm/ws-nodejs-packages/@prisma/client/-/client-3.15.2.tgz",
      "integrity": "sha512-ErqtwhX12ubPhU4d++30uFY/rPcyvjk+mdifaZO5SeM21zS3t4jQrscy8+6IyB0GIYshl5ldTq6JSBo1d63i8w==",
      "hasInstallScript": true,
      "dependencies": {
        "@prisma/engines-version": "3.15.1-1.461d6a05159055555eb7dfb337c9fb271cbd4d7e"
      },
      "engines": {
        "node": ">=12.6"
      },
      "peerDependencies": {
        "prisma": "*"
      },
      "peerDependenciesMeta": {
        "prisma": {
          "optional": true
        }
      }
    },
    "node_modules/@prisma/engines": {
      "version": "3.15.1-1.461d6a05159055555eb7dfb337c9fb271cbd4d7e",
      "resolved": "https://wingsure-903252266587.d.codeartifact.ap-south-1.amazonaws.com:443/npm/ws-nodejs-packages/@prisma/engines/-/engines-3.15.1-1.461d6a05159055555eb7dfb337c9fb271cbd4d7e.tgz",
      "integrity": "sha512-NHlojO1DFTsSi3FtEleL9QWXeSF/UjhCW0fgpi7bumnNZ4wj/eQ+BJJ5n2pgoOliTOGv9nX2qXvmHap7rJMNmg==",
      "devOptional": true,
      "hasInstallScript": true
    },
    "node_modules/@prisma/engines-version": {
      "version": "3.15.1-1.461d6a05159055555eb7dfb337c9fb271cbd4d7e",
      "resolved": "https://wingsure-903252266587.d.codeartifact.ap-south-1.amazonaws.com:443/npm/ws-nodejs-packages/@prisma/engines-version/-/engines-version-3.15.1-1.461d6a05159055555eb7dfb337c9fb271cbd4d7e.tgz",
      "integrity": "sha512-e3k2Vd606efd1ZYy2NQKkT4C/pn31nehyLhVug6To/q8JT8FpiMrDy7zmm3KLF0L98NOQQcutaVtAPhzKhzn9w=="
    },
    "node_modules/ansi-regex": {
      "version": "5.0.1",
      "resolved": "https://wingsure-903252266587.d.codeartifact.ap-south-1.amazonaws.com:443/npm/ws-nodejs-packages/ansi-regex/-/ansi-regex-5.0.1.tgz",
      "integrity": "sha512-quJQXlTSUGL2LH9SUXo8VwsY4soanhgo6LNSm84E1LBcE8s3O0wpdiRzyR9z/ZZJMlMWv37qOOb9pdJlMUEKFQ==",
      "engines": {
        "node": ">=8"
      }
    },
    "node_modules/ansi-styles": {
      "version": "4.3.0",
      "resolved": "https://wingsure-903252266587.d.codeartifact.ap-south-1.amazonaws.com:443/npm/ws-nodejs-packages/ansi-styles/-/ansi-styles-4.3.0.tgz",
      "integrity": "sha512-zbB9rCJAT1rbjiVDb2hqKFHNYLxgtk8NURxZ3IZwD3F6NtxbXZQCnnSi1Lkx+IDohdPlFp222wVALIheZJQSEg==",
      "dependencies": {
        "color-convert": "^2.0.1"
      },
      "engines": {
        "node": ">=8"
      },
      "funding": {
        "url": "https://github.com/chalk/ansi-styles?sponsor=1"
      }
    },
    "node_modules/chalk": {
      "version": "4.1.2",
      "resolved": "https://wingsure-903252266587.d.codeartifact.ap-south-1.amazonaws.com:443/npm/ws-nodejs-packages/chalk/-/chalk-4.1.2.tgz",
      "integrity": "sha512-oKnbhFyRIXpUuez8iBMmyEa4nbj4IOQyuhc/wy9kY7/WVPcwIO9VA668Pu8RkO7+0G76SLROeyw9CpQ061i4mA==",
      "dependencies": {
        "ansi-styles": "^4.1.0",
        "supports-color": "^7.1.0"
      },
      "engines": {
        "node": ">=10"
      },
      "funding": {
        "url": "https://github.com/chalk/chalk?sponsor=1"
      }
    },
    "node_modules/color-convert": {
      "version": "2.0.1",
      "resolved": "https://wingsure-903252266587.d.codeartifact.ap-south-1.amazonaws.com:443/npm/ws-nodejs-packages/color-convert/-/color-convert-2.0.1.tgz",
      "integrity": "sha512-RRECPsj7iu/xb5oKYcsFHSppFNnsj/52OVTRKb4zP5onXwVF3zVmmToNcOfGC+CRDpfK/U584fMg38ZHCaElKQ==",
      "dependencies": {
        "color-name": "~1.1.4"
      },
      "engines": {
        "node": ">=7.0.0"
      }
    },
    "node_modules/color-name": {
      "version": "1.1.4",
      "resolved": "https://wingsure-903252266587.d.codeartifact.ap-south-1.amazonaws.com:443/npm/ws-nodejs-packages/color-name/-/color-name-1.1.4.tgz",
      "integrity": "sha512-dOy+3AuW3a2wNbZHIuMZpTcgjGuLU/uBL/ubcZF9OXbDo8ff4O8yVp5Bf0efS8uEoYo5q4Fx7dY9OgQGXgAsQA=="
    },
    "node_modules/emphasize": {
      "version": "3.0.0",
      "resolved": "https://wingsure-903252266587.d.codeartifact.ap-south-1.amazonaws.com:443/npm/ws-nodejs-packages/emphasize/-/emphasize-3.0.0.tgz",
      "integrity": "sha512-xhtAWvxdkxsQbcCLGVjlfB7cQ4bWSPYXeaGDwK5Bl7n2y/9R+MVK5UNBTmZ9N8m/YShsiyGgQBgFGcjOWCWXHQ==",
      "dependencies": {
        "chalk": "^3.0.0",
        "highlight.js": "~9.12.0",
        "lowlight": "~1.9.0"
      },
      "funding": {
        "type": "github",
        "url": "https://github.com/sponsors/wooorm"
      }
    },
    "node_modules/emphasize/node_modules/chalk": {
      "version": "3.0.0",
      "resolved": "https://wingsure-903252266587.d.codeartifact.ap-south-1.amazonaws.com:443/npm/ws-nodejs-packages/chalk/-/chalk-3.0.0.tgz",
      "integrity": "sha512-4D3B6Wf41KOYRFdszmDqMCGq5VV/uMAB273JILmO+3jAlh8X4qDtdtgCR3fxtbLEMzSx22QdhnDcJvu2u1fVwg==",
      "dependencies": {
        "ansi-styles": "^4.1.0",
        "supports-color": "^7.1.0"
      },
      "engines": {
        "node": ">=8"
      }
    },
    "node_modules/fault": {
      "version": "1.0.4",
      "resolved": "https://wingsure-903252266587.d.codeartifact.ap-south-1.amazonaws.com:443/npm/ws-nodejs-packages/fault/-/fault-1.0.4.tgz",
      "integrity": "sha512-CJ0HCB5tL5fYTEA7ToAq5+kTwd++Borf1/bifxd9iT70QcXr4MRrO3Llf8Ifs70q+SJcGHFtnIE/Nw6giCtECA==",
      "dependencies": {
        "format": "^0.2.0"
      },
      "funding": {
        "type": "github",
        "url": "https://github.com/sponsors/wooorm"
      }
    },
    "node_modules/format": {
      "version": "0.2.2",
      "resolved": "https://wingsure-903252266587.d.codeartifact.ap-south-1.amazonaws.com:443/npm/ws-nodejs-packages/format/-/format-0.2.2.tgz",
      "integrity": "sha512-wzsgA6WOq+09wrU1tsJ09udeR/YZRaeArL9e1wPbFg3GG2yDnC2ldKpxs4xunpFF9DgqCqOIra3bc1HWrJ37Ww==",
      "engines": {
        "node": ">=0.4.x"
      }
    },
    "node_modules/has-flag": {
      "version": "4.0.0",
      "resolved": "https://wingsure-903252266587.d.codeartifact.ap-south-1.amazonaws.com:443/npm/ws-nodejs-packages/has-flag/-/has-flag-4.0.0.tgz",
      "integrity": "sha512-EykJT/Q1KjTWctppgIAgfSO0tKVuZUjhgMr17kqTumMl6Afv3EISleU7qZUzoXDFTAHTDC4NOoG/ZxU3EvlMPQ==",
      "engines": {
        "node": ">=8"
      }
    },
    "node_modules/highlight.js": {
      "version": "9.12.0",
      "resolved": "https://wingsure-903252266587.d.codeartifact.ap-south-1.amazonaws.com:443/npm/ws-nodejs-packages/highlight.js/-/highlight.js-9.12.0.tgz",
      "integrity": "sha512-qNnYpBDO/FQwYVur1+sQBQw7v0cxso1nOYLklqWh6af8ROwwTVoII5+kf/BVa8354WL4ad6rURHYGUXCbD9mMg==",
      "deprecated": "Version no longer supported. Upgrade to @latest",
      "engines": {
        "node": "*"
      }
    },
    "node_modules/lowlight": {
      "version": "1.9.2",
      "resolved": "https://wingsure-903252266587.d.codeartifact.ap-south-1.amazonaws.com:443/npm/ws-nodejs-packages/lowlight/-/lowlight-1.9.2.tgz",
      "integrity": "sha512-Ek18ElVCf/wF/jEm1b92gTnigh94CtBNWiZ2ad+vTgW7cTmQxUY3I98BjHK68gZAJEWmybGBZgx9qv3QxLQB/Q==",
      "dependencies": {
        "fault": "^1.0.2",
        "highlight.js": "~9.12.0"
      }
    },
    "node_modules/pretty-repl": {
      "version": "3.1.1",
      "resolved": "https://wingsure-903252266587.d.codeartifact.ap-south-1.amazonaws.com:443/npm/ws-nodejs-packages/pretty-repl/-/pretty-repl-3.1.1.tgz",
      "integrity": "sha512-JHhsuel0+/j4nKIdRnCcdE5qx4FVpeJEXTCpmGdhv5ivKlXWoQw0x9AqocsGQ+HABJ63lJ6pYF1OCoWAF0rEhA==",
      "dependencies": {
        "ansi-regex": "^5.0.0",
        "chalk": "^4.1.1",
        "emphasize": "^3.0.0",
        "strip-ansi": "^6.0.0"
      },
      "engines": {
        "node": ">=11"
      }
    },
    "node_modules/prisma": {
      "version": "3.15.2",
      "resolved": "https://wingsure-903252266587.d.codeartifact.ap-south-1.amazonaws.com:443/npm/ws-nodejs-packages/prisma/-/prisma-3.15.2.tgz",
      "integrity": "sha512-nMNSMZvtwrvoEQ/mui8L/aiCLZRCj5t6L3yujKpcDhIPk7garp8tL4nMx2+oYsN0FWBacevJhazfXAbV1kfBzA==",
      "devOptional": true,
      "hasInstallScript": true,
      "dependencies": {
        "@prisma/engines": "3.15.1-1.461d6a05159055555eb7dfb337c9fb271cbd4d7e"
      },
      "bin": {
        "prisma": "build/index.js",
        "prisma2": "build/index.js"
      },
      "engines": {
        "node": ">=12.6"
      }
    },
    "node_modules/strip-ansi": {
      "version": "6.0.1",
      "resolved": "https://wingsure-903252266587.d.codeartifact.ap-south-1.amazonaws.com:443/npm/ws-nodejs-packages/strip-ansi/-/strip-ansi-6.0.1.tgz",
      "integrity": "sha512-Y38VPSHcqkFrCpFnQ9vuSXmquuv5oXOKpGeT6aGrr3o3Gc9AlVa6JBfUSOCnbxGGZF+/0ooI7KrPuUSztUdU5A==",
      "dependencies": {
        "ansi-regex": "^5.0.1"
      },
      "engines": {
        "node": ">=8"
      }
    },
    "node_modules/supports-color": {
      "version": "7.2.0",
      "resolved": "https://wingsure-903252266587.d.codeartifact.ap-south-1.amazonaws.com:443/npm/ws-nodejs-packages/supports-color/-/supports-color-7.2.0.tgz",
      "integrity": "sha512-qpCAvRl9stuOHveKsn7HncJRvv501qIacKzQlO/+Lwxc9+0q2wLyv4Dfvt80/DPn2pqOBsJdDiogXGR9+OvwRw==",
      "dependencies": {
        "has-flag": "^4.0.0"
      },
      "engines": {
        "node": ">=8"
      }
    }
  },
  "dependencies": {
    "@prisma/client": {
      "version": "3.15.2",
      "resolved": "https://wingsure-903252266587.d.codeartifact.ap-south-1.amazonaws.com:443/npm/ws-nodejs-packages/@prisma/client/-/client-3.15.2.tgz",
      "integrity": "sha512-ErqtwhX12ubPhU4d++30uFY/rPcyvjk+mdifaZO5SeM21zS3t4jQrscy8+6IyB0GIYshl5ldTq6JSBo1d63i8w==",
      "requires": {
        "@prisma/engines-version": "3.15.1-1.461d6a05159055555eb7dfb337c9fb271cbd4d7e"
      }
    },
    "@prisma/engines": {
      "version": "3.15.1-1.461d6a05159055555eb7dfb337c9fb271cbd4d7e",
      "resolved": "https://wingsure-903252266587.d.codeartifact.ap-south-1.amazonaws.com:443/npm/ws-nodejs-packages/@prisma/engines/-/engines-3.15.1-1.461d6a05159055555eb7dfb337c9fb271cbd4d7e.tgz",
      "integrity": "sha512-NHlojO1DFTsSi3FtEleL9QWXeSF/UjhCW0fgpi7bumnNZ4wj/eQ+BJJ5n2pgoOliTOGv9nX2qXvmHap7rJMNmg==",
      "devOptional": true
    },
    "@prisma/engines-version": {
      "version": "3.15.1-1.461d6a05159055555eb7dfb337c9fb271cbd4d7e",
      "resolved": "https://wingsure-903252266587.d.codeartifact.ap-south-1.amazonaws.com:443/npm/ws-nodejs-packages/@prisma/engines-version/-/engines-version-3.15.1-1.461d6a05159055555eb7dfb337c9fb271cbd4d7e.tgz",
      "integrity": "sha512-e3k2Vd606efd1ZYy2NQKkT4C/pn31nehyLhVug6To/q8JT8FpiMrDy7zmm3KLF0L98NOQQcutaVtAPhzKhzn9w=="
    },
    "ansi-regex": {
      "version": "5.0.1",
      "resolved": "https://wingsure-903252266587.d.codeartifact.ap-south-1.amazonaws.com:443/npm/ws-nodejs-packages/ansi-regex/-/ansi-regex-5.0.1.tgz",
      "integrity": "sha512-quJQXlTSUGL2LH9SUXo8VwsY4soanhgo6LNSm84E1LBcE8s3O0wpdiRzyR9z/ZZJMlMWv37qOOb9pdJlMUEKFQ=="
    },
    "ansi-styles": {
      "version": "4.3.0",
      "resolved": "https://wingsure-903252266587.d.codeartifact.ap-south-1.amazonaws.com:443/npm/ws-nodejs-packages/ansi-styles/-/ansi-styles-4.3.0.tgz",
      "integrity": "sha512-zbB9rCJAT1rbjiVDb2hqKFHNYLxgtk8NURxZ3IZwD3F6NtxbXZQCnnSi1Lkx+IDohdPlFp222wVALIheZJQSEg==",
      "requires": {
        "color-convert": "^2.0.1"
      }
    },
    "chalk": {
      "version": "4.1.2",
      "resolved": "https://wingsure-903252266587.d.codeartifact.ap-south-1.amazonaws.com:443/npm/ws-nodejs-packages/chalk/-/chalk-4.1.2.tgz",
      "integrity": "sha512-oKnbhFyRIXpUuez8iBMmyEa4nbj4IOQyuhc/wy9kY7/WVPcwIO9VA668Pu8RkO7+0G76SLROeyw9CpQ061i4mA==",
      "requires": {
        "ansi-styles": "^4.1.0",
        "supports-color": "^7.1.0"
      }
    },
    "color-convert": {
      "version": "2.0.1",
      "resolved": "https://wingsure-903252266587.d.codeartifact.ap-south-1.amazonaws.com:443/npm/ws-nodejs-packages/color-convert/-/color-convert-2.0.1.tgz",
      "integrity": "sha512-RRECPsj7iu/xb5oKYcsFHSppFNnsj/52OVTRKb4zP5onXwVF3zVmmToNcOfGC+CRDpfK/U584fMg38ZHCaElKQ==",
      "requires": {
        "color-name": "~1.1.4"
      }
    },
    "color-name": {
      "version": "1.1.4",
      "resolved": "https://wingsure-903252266587.d.codeartifact.ap-south-1.amazonaws.com:443/npm/ws-nodejs-packages/color-name/-/color-name-1.1.4.tgz",
      "integrity": "sha512-dOy+3AuW3a2wNbZHIuMZpTcgjGuLU/uBL/ubcZF9OXbDo8ff4O8yVp5Bf0efS8uEoYo5q4Fx7dY9OgQGXgAsQA=="
    },
    "emphasize": {
      "version": "3.0.0",
      "resolved": "https://wingsure-903252266587.d.codeartifact.ap-south-1.amazonaws.com:443/npm/ws-nodejs-packages/emphasize/-/emphasize-3.0.0.tgz",
      "integrity": "sha512-xhtAWvxdkxsQbcCLGVjlfB7cQ4bWSPYXeaGDwK5Bl7n2y/9R+MVK5UNBTmZ9N8m/YShsiyGgQBgFGcjOWCWXHQ==",
      "requires": {
        "chalk": "^3.0.0",
        "highlight.js": "~9.12.0",
        "lowlight": "~1.9.0"
      },
      "dependencies": {
        "chalk": {
          "version": "3.0.0",
          "resolved": "https://wingsure-903252266587.d.codeartifact.ap-south-1.amazonaws.com:443/npm/ws-nodejs-packages/chalk/-/chalk-3.0.0.tgz",
          "integrity": "sha512-4D3B6Wf41KOYRFdszmDqMCGq5VV/uMAB273JILmO+3jAlh8X4qDtdtgCR3fxtbLEMzSx22QdhnDcJvu2u1fVwg==",
          "requires": {
            "ansi-styles": "^4.1.0",
            "supports-color": "^7.1.0"
          }
        }
      }
    },
    "fault": {
      "version": "1.0.4",
      "resolved": "https://wingsure-903252266587.d.codeartifact.ap-south-1.amazonaws.com:443/npm/ws-nodejs-packages/fault/-/fault-1.0.4.tgz",
      "integrity": "sha512-CJ0HCB5tL5fYTEA7ToAq5+kTwd++Borf1/bifxd9iT70QcXr4MRrO3Llf8Ifs70q+SJcGHFtnIE/Nw6giCtECA==",
      "requires": {
        "format": "^0.2.0"
      }
    },
    "format": {
      "version": "0.2.2",
      "resolved": "https://wingsure-903252266587.d.codeartifact.ap-south-1.amazonaws.com:443/npm/ws-nodejs-packages/format/-/format-0.2.2.tgz",
      "integrity": "sha512-wzsgA6WOq+09wrU1tsJ09udeR/YZRaeArL9e1wPbFg3GG2yDnC2ldKpxs4xunpFF9DgqCqOIra3bc1HWrJ37Ww=="
    },
    "has-flag": {
      "version": "4.0.0",
      "resolved": "https://wingsure-903252266587.d.codeartifact.ap-south-1.amazonaws.com:443/npm/ws-nodejs-packages/has-flag/-/has-flag-4.0.0.tgz",
      "integrity": "sha512-EykJT/Q1KjTWctppgIAgfSO0tKVuZUjhgMr17kqTumMl6Afv3EISleU7qZUzoXDFTAHTDC4NOoG/ZxU3EvlMPQ=="
    },
    "highlight.js": {
      "version": "9.12.0",
      "resolved": "https://wingsure-903252266587.d.codeartifact.ap-south-1.amazonaws.com:443/npm/ws-nodejs-packages/highlight.js/-/highlight.js-9.12.0.tgz",
      "integrity": "sha512-qNnYpBDO/FQwYVur1+sQBQw7v0cxso1nOYLklqWh6af8ROwwTVoII5+kf/BVa8354WL4ad6rURHYGUXCbD9mMg=="
    },
    "lowlight": {
      "version": "1.9.2",
      "resolved": "https://wingsure-903252266587.d.codeartifact.ap-south-1.amazonaws.com:443/npm/ws-nodejs-packages/lowlight/-/lowlight-1.9.2.tgz",
      "integrity": "sha512-Ek18ElVCf/wF/jEm1b92gTnigh94CtBNWiZ2ad+vTgW7cTmQxUY3I98BjHK68gZAJEWmybGBZgx9qv3QxLQB/Q==",
      "requires": {
        "fault": "^1.0.2",
        "highlight.js": "~9.12.0"
      }
    },
    "pretty-repl": {
      "version": "3.1.1",
      "resolved": "https://wingsure-903252266587.d.codeartifact.ap-south-1.amazonaws.com:443/npm/ws-nodejs-packages/pretty-repl/-/pretty-repl-3.1.1.tgz",
      "integrity": "sha512-JHhsuel0+/j4nKIdRnCcdE5qx4FVpeJEXTCpmGdhv5ivKlXWoQw0x9AqocsGQ+HABJ63lJ6pYF1OCoWAF0rEhA==",
      "requires": {
        "ansi-regex": "^5.0.0",
        "chalk": "^4.1.1",
        "emphasize": "^3.0.0",
        "strip-ansi": "^6.0.0"
      }
    },
    "prisma": {
      "version": "3.15.2",
      "resolved": "https://wingsure-903252266587.d.codeartifact.ap-south-1.amazonaws.com:443/npm/ws-nodejs-packages/prisma/-/prisma-3.15.2.tgz",
      "integrity": "sha512-nMNSMZvtwrvoEQ/mui8L/aiCLZRCj5t6L3yujKpcDhIPk7garp8tL4nMx2+oYsN0FWBacevJhazfXAbV1kfBzA==",
      "devOptional": true,
      "requires": {
        "@prisma/engines": "3.15.1-1.461d6a05159055555eb7dfb337c9fb271cbd4d7e"
      }
    },
    "strip-ansi": {
      "version": "6.0.1",
      "resolved": "https://wingsure-903252266587.d.codeartifact.ap-south-1.amazonaws.com:443/npm/ws-nodejs-packages/strip-ansi/-/strip-ansi-6.0.1.tgz",
      "integrity": "sha512-Y38VPSHcqkFrCpFnQ9vuSXmquuv5oXOKpGeT6aGrr3o3Gc9AlVa6JBfUSOCnbxGGZF+/0ooI7KrPuUSztUdU5A==",
      "requires": {
        "ansi-regex": "^5.0.1"
      }
    },
    "supports-color": {
      "version": "7.2.0",
      "resolved": "https://wingsure-903252266587.d.codeartifact.ap-south-1.amazonaws.com:443/npm/ws-nodejs-packages/supports-color/-/supports-color-7.2.0.tgz",
      "integrity": "sha512-qpCAvRl9stuOHveKsn7HncJRvv501qIacKzQlO/+Lwxc9+0q2wLyv4Dfvt80/DPn2pqOBsJdDiogXGR9+OvwRw==",
      "requires": {
        "has-flag": "^4.0.0"
      }
    }
  }
}
